// !$*UTF8*$!
{
	archiveVersion = 1;
	classes = {
	};
	objectVersion = 50;
	objects = {

/* Begin PBXBuildFile section */
		EF0078CA242E6EC000D5CB37 /* URLSessionHTTPClient.swift in Sources */ = {isa = PBXBuildFile; fileRef = EF0078C9242E6EC000D5CB37 /* URLSessionHTTPClient.swift */; };
		EF0078D2242F6BA500D5CB37 /* FeedFrameworkAPIEndToEndTests.swift in Sources */ = {isa = PBXBuildFile; fileRef = EF0078D1242F6BA500D5CB37 /* FeedFrameworkAPIEndToEndTests.swift */; };
		EF0078D4242F6BA500D5CB37 /* FeedFramework.framework in Frameworks */ = {isa = PBXBuildFile; fileRef = EF90577F242BA50B0027ACC5 /* FeedFramework.framework */; };
		EF0C3B5824366AF00063B07B /* XCTestCase+FeedStoreSpec.swift in Sources */ = {isa = PBXBuildFile; fileRef = EF0C3B5724366AF00063B07B /* XCTestCase+FeedStoreSpec.swift */; };
		EF0C3B5A24366C3D0063B07B /* FeedStoreTestSpec.swift in Sources */ = {isa = PBXBuildFile; fileRef = EF0C3B5924366C3D0063B07B /* FeedStoreTestSpec.swift */; };
		EF0C3B5C24366D270063B07B /* XCTestCase+FailableDeleteFeedStoreSpecs.swift in Sources */ = {isa = PBXBuildFile; fileRef = EF0C3B5B24366D270063B07B /* XCTestCase+FailableDeleteFeedStoreSpecs.swift */; };
		EF0C3B5E243670040063B07B /* XCTestCase+FailableInsertFeedStoreSpecs.swift in Sources */ = {isa = PBXBuildFile; fileRef = EF0C3B5D243670040063B07B /* XCTestCase+FailableInsertFeedStoreSpecs.swift */; };
		EF0C3B60243670450063B07B /* XCTestCase+FailableRetrieveFeedStoreSpecs.swift in Sources */ = {isa = PBXBuildFile; fileRef = EF0C3B5F243670450063B07B /* XCTestCase+FailableRetrieveFeedStoreSpecs.swift */; };
		EF19C0222430E88F003BD826 /* RemoteFeedItem.swift in Sources */ = {isa = PBXBuildFile; fileRef = EF19C0212430E88F003BD826 /* RemoteFeedItem.swift */; };
		EF1B80782434C27A00A1FAD4 /* FeedStoreSpy.swift in Sources */ = {isa = PBXBuildFile; fileRef = EF4647D12432894900CBA9CE /* FeedStoreSpy.swift */; };
		EF1B807B2435BC9600A1FAD4 /* ValidateFeedCacheUseCase.swift in Sources */ = {isa = PBXBuildFile; fileRef = EF1B807A2435BC9600A1FAD4 /* ValidateFeedCacheUseCase.swift */; };
		EF1B807D2435CD2500A1FAD4 /* FeedCacheTestHelpers.swift in Sources */ = {isa = PBXBuildFile; fileRef = EF1B807C2435CD2500A1FAD4 /* FeedCacheTestHelpers.swift */; };
		EF4647CF2432888700CBA9CE /* LoadFeedFromCacheUseCaseTest.swift in Sources */ = {isa = PBXBuildFile; fileRef = EF4647CE2432888700CBA9CE /* LoadFeedFromCacheUseCaseTest.swift */; };
		EF4647D22432894A00CBA9CE /* FeedStoreSpy.swift in Sources */ = {isa = PBXBuildFile; fileRef = EF4647D12432894900CBA9CE /* FeedStoreSpy.swift */; };
		EF468A51242FEFA100E9B4B9 /* CacheFeedUseCaseTests.swift in Sources */ = {isa = PBXBuildFile; fileRef = EF468A50242FEFA100E9B4B9 /* CacheFeedUseCaseTests.swift */; };
		EF4F92EF2437E5B800AD73C2 /* FeedModel.xcdatamodeld in Sources */ = {isa = PBXBuildFile; fileRef = EF4F92ED2437E5B800AD73C2 /* FeedModel.xcdatamodeld */; };
		EF5984AD2435DED600907256 /* CacheFeedPolicy.swift in Sources */ = {isa = PBXBuildFile; fileRef = EF5984AC2435DED600907256 /* CacheFeedPolicy.swift */; };
		EF5984AF24361DA100907256 /* CodableFeedStoreTests.swift in Sources */ = {isa = PBXBuildFile; fileRef = EF5984AE24361DA100907256 /* CodableFeedStoreTests.swift */; };
		EF80134824374D56007A97CF /* CoreDataFeedImage.swift in Sources */ = {isa = PBXBuildFile; fileRef = EF80134724374D56007A97CF /* CoreDataFeedImage.swift */; };
		EF80135B243771F1007A97CF /* Helpers.swift in Sources */ = {isa = PBXBuildFile; fileRef = EF80135A243771F1007A97CF /* Helpers.swift */; };
		EF80135D24377293007A97CF /* CoreDataFeedStore.swift in Sources */ = {isa = PBXBuildFile; fileRef = EF80135C24377293007A97CF /* CoreDataFeedStore.swift */; };
		EF905789242BA50B0027ACC5 /* FeedFramework.framework in Frameworks */ = {isa = PBXBuildFile; fileRef = EF90577F242BA50B0027ACC5 /* FeedFramework.framework */; };
		EF90578E242BA50B0027ACC5 /* RemoteFeedLoaderTests.swift in Sources */ = {isa = PBXBuildFile; fileRef = EF90578D242BA50B0027ACC5 /* RemoteFeedLoaderTests.swift */; };
		EF90579A242BA54E0027ACC5 /* FeedImage.swift in Sources */ = {isa = PBXBuildFile; fileRef = EF905799242BA54E0027ACC5 /* FeedImage.swift */; };
		EF90579C242BA6390027ACC5 /* FeedLoader.swift in Sources */ = {isa = PBXBuildFile; fileRef = EF90579B242BA6390027ACC5 /* FeedLoader.swift */; };
		EF90579E242CA6980027ACC5 /* RemoteFeedLoader.swift in Sources */ = {isa = PBXBuildFile; fileRef = EF90579D242CA6980027ACC5 /* RemoteFeedLoader.swift */; };
		EF9057A0242D21320027ACC5 /* HTTPClient.swift in Sources */ = {isa = PBXBuildFile; fileRef = EF90579F242D21320027ACC5 /* HTTPClient.swift */; };
		EF9057A4242D21B00027ACC5 /* FeedItemsMapper.swift in Sources */ = {isa = PBXBuildFile; fileRef = EF9057A3242D21B00027ACC5 /* FeedItemsMapper.swift */; };
		EF9057A7242E091E0027ACC5 /* URLSessionHTTPClient.swift in Sources */ = {isa = PBXBuildFile; fileRef = EF9057A6242E091E0027ACC5 /* URLSessionHTTPClient.swift */; };
		EF9057AA242E1FD10027ACC5 /* XCTestCase+TrackMemoryLeaks.swift in Sources */ = {isa = PBXBuildFile; fileRef = EF9057A9242E1FD10027ACC5 /* XCTestCase+TrackMemoryLeaks.swift */; };
		EF9A3D7C2430DE9E00FE0BE8 /* LocalFeedLoader.swift in Sources */ = {isa = PBXBuildFile; fileRef = EF9A3D7B2430DE9E00FE0BE8 /* LocalFeedLoader.swift */; };
		EF9A3D7E2430DEFB00FE0BE8 /* FeedStore.swift in Sources */ = {isa = PBXBuildFile; fileRef = EF9A3D7D2430DEFB00FE0BE8 /* FeedStore.swift */; };
		EF9A3D802430E35600FE0BE8 /* LocalFeedImage.swift in Sources */ = {isa = PBXBuildFile; fileRef = EF9A3D7F2430E35600FE0BE8 /* LocalFeedImage.swift */; };
		EFAE75162437C5130041D3B5 /* FeedFrameworkIntegrationTests.swift in Sources */ = {isa = PBXBuildFile; fileRef = EFAE75152437C5130041D3B5 /* FeedFrameworkIntegrationTests.swift */; };
		EFAE75182437C5130041D3B5 /* FeedFramework.framework in Frameworks */ = {isa = PBXBuildFile; fileRef = EF90577F242BA50B0027ACC5 /* FeedFramework.framework */; };
		EFAE751E2437C7910041D3B5 /* XCTestCase+TrackMemoryLeaks.swift in Sources */ = {isa = PBXBuildFile; fileRef = EF9057A9242E1FD10027ACC5 /* XCTestCase+TrackMemoryLeaks.swift */; };
		EFAE751F2437C7BF0041D3B5 /* FeedCacheTestHelpers.swift in Sources */ = {isa = PBXBuildFile; fileRef = EF1B807C2435CD2500A1FAD4 /* FeedCacheTestHelpers.swift */; };
		EFAE75252437CA6C0041D3B5 /* XCTestCase+TrackMemoryLeaks.swift in Sources */ = {isa = PBXBuildFile; fileRef = EF9057A9242E1FD10027ACC5 /* XCTestCase+TrackMemoryLeaks.swift */; };
		EFAE75292437CEE00041D3B5 /* CoreDataCache.swift in Sources */ = {isa = PBXBuildFile; fileRef = EFAE75282437CEE00041D3B5 /* CoreDataCache.swift */; };
		EFB71FC124365DDA0095B1E3 /* CodableFeedStore.swift in Sources */ = {isa = PBXBuildFile; fileRef = EFB71FC024365DDA0095B1E3 /* CodableFeedStore.swift */; };
		EFDA35A6243728520013755D /* CoreDataFeedStoreTests.swift in Sources */ = {isa = PBXBuildFile; fileRef = EFDA35A5243728520013755D /* CoreDataFeedStoreTests.swift */; };
/* End PBXBuildFile section */

/* Begin PBXContainerItemProxy section */
		EF0078D5242F6BA500D5CB37 /* PBXContainerItemProxy */ = {
			isa = PBXContainerItemProxy;
			containerPortal = EF905776242BA50B0027ACC5 /* Project object */;
			proxyType = 1;
			remoteGlobalIDString = EF90577E242BA50B0027ACC5;
			remoteInfo = FeedFramework;
		};
		EF90578A242BA50B0027ACC5 /* PBXContainerItemProxy */ = {
			isa = PBXContainerItemProxy;
			containerPortal = EF905776242BA50B0027ACC5 /* Project object */;
			proxyType = 1;
			remoteGlobalIDString = EF90577E242BA50B0027ACC5;
			remoteInfo = FeedFramework;
		};
		EFAE75192437C5130041D3B5 /* PBXContainerItemProxy */ = {
			isa = PBXContainerItemProxy;
			containerPortal = EF905776242BA50B0027ACC5 /* Project object */;
			proxyType = 1;
			remoteGlobalIDString = EF90577E242BA50B0027ACC5;
			remoteInfo = FeedFramework;
		};
/* End PBXContainerItemProxy section */

/* Begin PBXFileReference section */
		EF0078C9242E6EC000D5CB37 /* URLSessionHTTPClient.swift */ = {isa = PBXFileReference; lastKnownFileType = sourcecode.swift; path = URLSessionHTTPClient.swift; sourceTree = "<group>"; };
		EF0078CF242F6BA500D5CB37 /* FeedFrameworkAPIEndToEndTests.xctest */ = {isa = PBXFileReference; explicitFileType = wrapper.cfbundle; includeInIndex = 0; path = FeedFrameworkAPIEndToEndTests.xctest; sourceTree = BUILT_PRODUCTS_DIR; };
		EF0078D1242F6BA500D5CB37 /* FeedFrameworkAPIEndToEndTests.swift */ = {isa = PBXFileReference; lastKnownFileType = sourcecode.swift; path = FeedFrameworkAPIEndToEndTests.swift; sourceTree = "<group>"; };
		EF0078D3242F6BA500D5CB37 /* Info.plist */ = {isa = PBXFileReference; lastKnownFileType = text.plist.xml; path = Info.plist; sourceTree = "<group>"; };
		EF0C3B5724366AF00063B07B /* XCTestCase+FeedStoreSpec.swift */ = {isa = PBXFileReference; lastKnownFileType = sourcecode.swift; path = "XCTestCase+FeedStoreSpec.swift"; sourceTree = "<group>"; };
		EF0C3B5924366C3D0063B07B /* FeedStoreTestSpec.swift */ = {isa = PBXFileReference; lastKnownFileType = sourcecode.swift; path = FeedStoreTestSpec.swift; sourceTree = "<group>"; };
		EF0C3B5B24366D270063B07B /* XCTestCase+FailableDeleteFeedStoreSpecs.swift */ = {isa = PBXFileReference; lastKnownFileType = sourcecode.swift; path = "XCTestCase+FailableDeleteFeedStoreSpecs.swift"; sourceTree = "<group>"; };
		EF0C3B5D243670040063B07B /* XCTestCase+FailableInsertFeedStoreSpecs.swift */ = {isa = PBXFileReference; lastKnownFileType = sourcecode.swift; path = "XCTestCase+FailableInsertFeedStoreSpecs.swift"; sourceTree = "<group>"; };
		EF0C3B5F243670450063B07B /* XCTestCase+FailableRetrieveFeedStoreSpecs.swift */ = {isa = PBXFileReference; lastKnownFileType = sourcecode.swift; path = "XCTestCase+FailableRetrieveFeedStoreSpecs.swift"; sourceTree = "<group>"; };
		EF19C0212430E88F003BD826 /* RemoteFeedItem.swift */ = {isa = PBXFileReference; lastKnownFileType = sourcecode.swift; path = RemoteFeedItem.swift; sourceTree = "<group>"; };
		EF1B807A2435BC9600A1FAD4 /* ValidateFeedCacheUseCase.swift */ = {isa = PBXFileReference; lastKnownFileType = sourcecode.swift; path = ValidateFeedCacheUseCase.swift; sourceTree = "<group>"; };
		EF1B807C2435CD2500A1FAD4 /* FeedCacheTestHelpers.swift */ = {isa = PBXFileReference; lastKnownFileType = sourcecode.swift; path = FeedCacheTestHelpers.swift; sourceTree = "<group>"; };
		EF4647CE2432888700CBA9CE /* LoadFeedFromCacheUseCaseTest.swift */ = {isa = PBXFileReference; lastKnownFileType = sourcecode.swift; path = LoadFeedFromCacheUseCaseTest.swift; sourceTree = "<group>"; };
		EF4647D12432894900CBA9CE /* FeedStoreSpy.swift */ = {isa = PBXFileReference; lastKnownFileType = sourcecode.swift; path = FeedStoreSpy.swift; sourceTree = "<group>"; };
		EF468A50242FEFA100E9B4B9 /* CacheFeedUseCaseTests.swift */ = {isa = PBXFileReference; lastKnownFileType = sourcecode.swift; path = CacheFeedUseCaseTests.swift; sourceTree = "<group>"; };
		EF4F92EE2437E5B800AD73C2 /* FeedModel.xcdatamodel */ = {isa = PBXFileReference; lastKnownFileType = wrapper.xcdatamodel; path = FeedModel.xcdatamodel; sourceTree = "<group>"; };
		EF5984AC2435DED600907256 /* CacheFeedPolicy.swift */ = {isa = PBXFileReference; lastKnownFileType = sourcecode.swift; path = CacheFeedPolicy.swift; sourceTree = "<group>"; };
		EF5984AE24361DA100907256 /* CodableFeedStoreTests.swift */ = {isa = PBXFileReference; lastKnownFileType = sourcecode.swift; path = CodableFeedStoreTests.swift; sourceTree = "<group>"; };
		EF80134724374D56007A97CF /* CoreDataFeedImage.swift */ = {isa = PBXFileReference; lastKnownFileType = sourcecode.swift; path = CoreDataFeedImage.swift; sourceTree = "<group>"; };
		EF80135A243771F1007A97CF /* Helpers.swift */ = {isa = PBXFileReference; lastKnownFileType = sourcecode.swift; path = Helpers.swift; sourceTree = "<group>"; };
		EF80135C24377293007A97CF /* CoreDataFeedStore.swift */ = {isa = PBXFileReference; lastKnownFileType = sourcecode.swift; path = CoreDataFeedStore.swift; sourceTree = "<group>"; };
		EF90577F242BA50B0027ACC5 /* FeedFramework.framework */ = {isa = PBXFileReference; explicitFileType = wrapper.framework; includeInIndex = 0; path = FeedFramework.framework; sourceTree = BUILT_PRODUCTS_DIR; };
		EF905783242BA50B0027ACC5 /* Info.plist */ = {isa = PBXFileReference; lastKnownFileType = text.plist.xml; path = Info.plist; sourceTree = "<group>"; };
		EF905788242BA50B0027ACC5 /* FeedFrameworkTests.xctest */ = {isa = PBXFileReference; explicitFileType = wrapper.cfbundle; includeInIndex = 0; path = FeedFrameworkTests.xctest; sourceTree = BUILT_PRODUCTS_DIR; };
		EF90578D242BA50B0027ACC5 /* RemoteFeedLoaderTests.swift */ = {isa = PBXFileReference; lastKnownFileType = sourcecode.swift; path = RemoteFeedLoaderTests.swift; sourceTree = "<group>"; };
		EF90578F242BA50B0027ACC5 /* Info.plist */ = {isa = PBXFileReference; lastKnownFileType = text.plist.xml; path = Info.plist; sourceTree = "<group>"; };
		EF905799242BA54E0027ACC5 /* FeedImage.swift */ = {isa = PBXFileReference; lastKnownFileType = sourcecode.swift; path = FeedImage.swift; sourceTree = "<group>"; };
		EF90579B242BA6390027ACC5 /* FeedLoader.swift */ = {isa = PBXFileReference; lastKnownFileType = sourcecode.swift; path = FeedLoader.swift; sourceTree = "<group>"; };
		EF90579D242CA6980027ACC5 /* RemoteFeedLoader.swift */ = {isa = PBXFileReference; lastKnownFileType = sourcecode.swift; path = RemoteFeedLoader.swift; sourceTree = "<group>"; };
		EF90579F242D21320027ACC5 /* HTTPClient.swift */ = {isa = PBXFileReference; lastKnownFileType = sourcecode.swift; path = HTTPClient.swift; sourceTree = "<group>"; };
		EF9057A3242D21B00027ACC5 /* FeedItemsMapper.swift */ = {isa = PBXFileReference; lastKnownFileType = sourcecode.swift; path = FeedItemsMapper.swift; sourceTree = "<group>"; };
		EF9057A6242E091E0027ACC5 /* URLSessionHTTPClient.swift */ = {isa = PBXFileReference; lastKnownFileType = sourcecode.swift; path = URLSessionHTTPClient.swift; sourceTree = "<group>"; };
		EF9057A9242E1FD10027ACC5 /* XCTestCase+TrackMemoryLeaks.swift */ = {isa = PBXFileReference; lastKnownFileType = sourcecode.swift; path = "XCTestCase+TrackMemoryLeaks.swift"; sourceTree = "<group>"; };
		EF9A3D7B2430DE9E00FE0BE8 /* LocalFeedLoader.swift */ = {isa = PBXFileReference; lastKnownFileType = sourcecode.swift; path = LocalFeedLoader.swift; sourceTree = "<group>"; };
		EF9A3D7D2430DEFB00FE0BE8 /* FeedStore.swift */ = {isa = PBXFileReference; lastKnownFileType = sourcecode.swift; path = FeedStore.swift; sourceTree = "<group>"; };
		EF9A3D7F2430E35600FE0BE8 /* LocalFeedImage.swift */ = {isa = PBXFileReference; lastKnownFileType = sourcecode.swift; path = LocalFeedImage.swift; sourceTree = "<group>"; };
		EFAE75132437C5130041D3B5 /* FeedFrameworkIntegrationTests.xctest */ = {isa = PBXFileReference; explicitFileType = wrapper.cfbundle; includeInIndex = 0; path = FeedFrameworkIntegrationTests.xctest; sourceTree = BUILT_PRODUCTS_DIR; };
		EFAE75152437C5130041D3B5 /* FeedFrameworkIntegrationTests.swift */ = {isa = PBXFileReference; lastKnownFileType = sourcecode.swift; path = FeedFrameworkIntegrationTests.swift; sourceTree = "<group>"; };
		EFAE75172437C5130041D3B5 /* Info.plist */ = {isa = PBXFileReference; lastKnownFileType = text.plist.xml; path = Info.plist; sourceTree = "<group>"; };
		EFAE75282437CEE00041D3B5 /* CoreDataCache.swift */ = {isa = PBXFileReference; fileEncoding = 4; lastKnownFileType = sourcecode.swift; path = CoreDataCache.swift; sourceTree = "<group>"; };
		EFB71FC024365DDA0095B1E3 /* CodableFeedStore.swift */ = {isa = PBXFileReference; lastKnownFileType = sourcecode.swift; path = CodableFeedStore.swift; sourceTree = "<group>"; };
		EFDA35A5243728520013755D /* CoreDataFeedStoreTests.swift */ = {isa = PBXFileReference; lastKnownFileType = sourcecode.swift; path = CoreDataFeedStoreTests.swift; sourceTree = "<group>"; };
/* End PBXFileReference section */

/* Begin PBXFrameworksBuildPhase section */
		EF0078CC242F6BA500D5CB37 /* Frameworks */ = {
			isa = PBXFrameworksBuildPhase;
			buildActionMask = 2147483647;
			files = (
				EF0078D4242F6BA500D5CB37 /* FeedFramework.framework in Frameworks */,
			);
			runOnlyForDeploymentPostprocessing = 0;
		};
		EF90577C242BA50B0027ACC5 /* Frameworks */ = {
			isa = PBXFrameworksBuildPhase;
			buildActionMask = 2147483647;
			files = (
			);
			runOnlyForDeploymentPostprocessing = 0;
		};
		EF905785242BA50B0027ACC5 /* Frameworks */ = {
			isa = PBXFrameworksBuildPhase;
			buildActionMask = 2147483647;
			files = (
				EF905789242BA50B0027ACC5 /* FeedFramework.framework in Frameworks */,
			);
			runOnlyForDeploymentPostprocessing = 0;
		};
		EFAE75102437C5130041D3B5 /* Frameworks */ = {
			isa = PBXFrameworksBuildPhase;
			buildActionMask = 2147483647;
			files = (
				EFAE75182437C5130041D3B5 /* FeedFramework.framework in Frameworks */,
			);
			runOnlyForDeploymentPostprocessing = 0;
		};
/* End PBXFrameworksBuildPhase section */

/* Begin PBXGroup section */
		EF0078D0242F6BA500D5CB37 /* FeedFrameworkAPIEndToEndTests */ = {
			isa = PBXGroup;
			children = (
				EF0078D1242F6BA500D5CB37 /* FeedFrameworkAPIEndToEndTests.swift */,
				EF0078D3242F6BA500D5CB37 /* Info.plist */,
			);
			path = FeedFrameworkAPIEndToEndTests;
			sourceTree = "<group>";
		};
		EF4647D02432893700CBA9CE /* Helpers */ = {
			isa = PBXGroup;
			children = (
				EF4647D12432894900CBA9CE /* FeedStoreSpy.swift */,
				EF0C3B5D243670040063B07B /* XCTestCase+FailableInsertFeedStoreSpecs.swift */,
				EF0C3B5F243670450063B07B /* XCTestCase+FailableRetrieveFeedStoreSpecs.swift */,
				EF0C3B5724366AF00063B07B /* XCTestCase+FeedStoreSpec.swift */,
				EF0C3B5B24366D270063B07B /* XCTestCase+FailableDeleteFeedStoreSpecs.swift */,
			);
			path = Helpers;
			sourceTree = "<group>";
		};
		EF468A4F242FEF7B00E9B4B9 /* FeedCache */ = {
			isa = PBXGroup;
			children = (
				EF4647D02432893700CBA9CE /* Helpers */,
				EF468A50242FEFA100E9B4B9 /* CacheFeedUseCaseTests.swift */,
				EF4647CE2432888700CBA9CE /* LoadFeedFromCacheUseCaseTest.swift */,
				EF1B807A2435BC9600A1FAD4 /* ValidateFeedCacheUseCase.swift */,
				EF5984AE24361DA100907256 /* CodableFeedStoreTests.swift */,
				EF0C3B5924366C3D0063B07B /* FeedStoreTestSpec.swift */,
				EFDA35A5243728520013755D /* CoreDataFeedStoreTests.swift */,
			);
			path = FeedCache;
			sourceTree = "<group>";
		};
		EF905775242BA50B0027ACC5 = {
			isa = PBXGroup;
			children = (
				EF905781242BA50B0027ACC5 /* FeedFramework */,
				EF90578C242BA50B0027ACC5 /* FeedFrameworkTests */,
				EF0078D0242F6BA500D5CB37 /* FeedFrameworkAPIEndToEndTests */,
				EFAE75142437C5130041D3B5 /* FeedFrameworkIntegrationTests */,
				EF905780242BA50B0027ACC5 /* Products */,
			);
			sourceTree = "<group>";
		};
		EF905780242BA50B0027ACC5 /* Products */ = {
			isa = PBXGroup;
			children = (
				EF90577F242BA50B0027ACC5 /* FeedFramework.framework */,
				EF905788242BA50B0027ACC5 /* FeedFrameworkTests.xctest */,
				EF0078CF242F6BA500D5CB37 /* FeedFrameworkAPIEndToEndTests.xctest */,
				EFAE75132437C5130041D3B5 /* FeedFrameworkIntegrationTests.xctest */,
			);
			name = Products;
			sourceTree = "<group>";
		};
		EF905781242BA50B0027ACC5 /* FeedFramework */ = {
			isa = PBXGroup;
			children = (
				EF9A3D7A2430DB2200FE0BE8 /* FeedCache */,
				EF9057A2242D21870027ACC5 /* FeedFeature */,
				EF9057A1242D213C0027ACC5 /* FeedAPI */,
				EF905783242BA50B0027ACC5 /* Info.plist */,
			);
			path = FeedFramework;
			sourceTree = "<group>";
		};
		EF90578C242BA50B0027ACC5 /* FeedFrameworkTests */ = {
			isa = PBXGroup;
			children = (
				EF1B807C2435CD2500A1FAD4 /* FeedCacheTestHelpers.swift */,
				EF468A4F242FEF7B00E9B4B9 /* FeedCache */,
				EF9057A8242E1FC10027ACC5 /* Helpers */,
				EF9057A5242D28E60027ACC5 /* FeedAPI */,
				EF90578F242BA50B0027ACC5 /* Info.plist */,
			);
			path = FeedFrameworkTests;
			sourceTree = "<group>";
		};
		EF9057A1242D213C0027ACC5 /* FeedAPI */ = {
			isa = PBXGroup;
			children = (
				EF90579F242D21320027ACC5 /* HTTPClient.swift */,
				EF90579B242BA6390027ACC5 /* FeedLoader.swift */,
				EF90579D242CA6980027ACC5 /* RemoteFeedLoader.swift */,
				EF0078C9242E6EC000D5CB37 /* URLSessionHTTPClient.swift */,
				EF19C0212430E88F003BD826 /* RemoteFeedItem.swift */,
			);
			path = FeedAPI;
			sourceTree = "<group>";
		};
		EF9057A2242D21870027ACC5 /* FeedFeature */ = {
			isa = PBXGroup;
			children = (
				EF905799242BA54E0027ACC5 /* FeedImage.swift */,
				EF9057A3242D21B00027ACC5 /* FeedItemsMapper.swift */,
			);
			path = FeedFeature;
			sourceTree = "<group>";
		};
		EF9057A5242D28E60027ACC5 /* FeedAPI */ = {
			isa = PBXGroup;
			children = (
				EF90578D242BA50B0027ACC5 /* RemoteFeedLoaderTests.swift */,
				EF9057A6242E091E0027ACC5 /* URLSessionHTTPClient.swift */,
			);
			path = FeedAPI;
			sourceTree = "<group>";
		};
		EF9057A8242E1FC10027ACC5 /* Helpers */ = {
			isa = PBXGroup;
			children = (
				EF9057A9242E1FD10027ACC5 /* XCTestCase+TrackMemoryLeaks.swift */,
			);
			path = Helpers;
			sourceTree = "<group>";
		};
		EF9A3D7A2430DB2200FE0BE8 /* FeedCache */ = {
			isa = PBXGroup;
			children = (
				EFDA35A824372B550013755D /* CoreData */,
				EFDA35A724372B4C0013755D /* Codable */,
				EF9A3D7B2430DE9E00FE0BE8 /* LocalFeedLoader.swift */,
				EF9A3D7D2430DEFB00FE0BE8 /* FeedStore.swift */,
				EF9A3D7F2430E35600FE0BE8 /* LocalFeedImage.swift */,
				EF5984AC2435DED600907256 /* CacheFeedPolicy.swift */,
			);
			path = FeedCache;
			sourceTree = "<group>";
		};
		EFAE75142437C5130041D3B5 /* FeedFrameworkIntegrationTests */ = {
			isa = PBXGroup;
			children = (
				EFAE75152437C5130041D3B5 /* FeedFrameworkIntegrationTests.swift */,
				EFAE75172437C5130041D3B5 /* Info.plist */,
			);
			path = FeedFrameworkIntegrationTests;
			sourceTree = "<group>";
		};
		EFDA35A724372B4C0013755D /* Codable */ = {
			isa = PBXGroup;
			children = (
				EFB71FC024365DDA0095B1E3 /* CodableFeedStore.swift */,
			);
			path = Codable;
			sourceTree = "<group>";
		};
		EFDA35A824372B550013755D /* CoreData */ = {
			isa = PBXGroup;
			children = (
				EFAE75282437CEE00041D3B5 /* CoreDataCache.swift */,
				EF80134724374D56007A97CF /* CoreDataFeedImage.swift */,
				EF80135A243771F1007A97CF /* Helpers.swift */,
				EF80135C24377293007A97CF /* CoreDataFeedStore.swift */,
				EF4F92ED2437E5B800AD73C2 /* FeedModel.xcdatamodeld */,
			);
			path = CoreData;
			sourceTree = "<group>";
		};
/* End PBXGroup section */

/* Begin PBXHeadersBuildPhase section */
		EF90577A242BA50B0027ACC5 /* Headers */ = {
			isa = PBXHeadersBuildPhase;
			buildActionMask = 2147483647;
			files = (
			);
			runOnlyForDeploymentPostprocessing = 0;
		};
/* End PBXHeadersBuildPhase section */

/* Begin PBXNativeTarget section */
		EF0078CE242F6BA500D5CB37 /* FeedFrameworkAPIEndToEndTests */ = {
			isa = PBXNativeTarget;
			buildConfigurationList = EF0078D7242F6BA500D5CB37 /* Build configuration list for PBXNativeTarget "FeedFrameworkAPIEndToEndTests" */;
			buildPhases = (
				EF0078CB242F6BA500D5CB37 /* Sources */,
				EF0078CC242F6BA500D5CB37 /* Frameworks */,
				EF0078CD242F6BA500D5CB37 /* Resources */,
			);
			buildRules = (
			);
			dependencies = (
				EF0078D6242F6BA500D5CB37 /* PBXTargetDependency */,
			);
			name = FeedFrameworkAPIEndToEndTests;
			productName = FeedFrameworkAPIEndToEndTests;
			productReference = EF0078CF242F6BA500D5CB37 /* FeedFrameworkAPIEndToEndTests.xctest */;
			productType = "com.apple.product-type.bundle.unit-test";
		};
		EF90577E242BA50B0027ACC5 /* FeedFramework */ = {
			isa = PBXNativeTarget;
			buildConfigurationList = EF905793242BA50B0027ACC5 /* Build configuration list for PBXNativeTarget "FeedFramework" */;
			buildPhases = (
				EF90577A242BA50B0027ACC5 /* Headers */,
				EF90577B242BA50B0027ACC5 /* Sources */,
				EF90577C242BA50B0027ACC5 /* Frameworks */,
				EF90577D242BA50B0027ACC5 /* Resources */,
			);
			buildRules = (
			);
			dependencies = (
			);
			name = FeedFramework;
			productName = FeedFramework;
			productReference = EF90577F242BA50B0027ACC5 /* FeedFramework.framework */;
			productType = "com.apple.product-type.framework";
		};
		EF905787242BA50B0027ACC5 /* FeedFrameworkTests */ = {
			isa = PBXNativeTarget;
			buildConfigurationList = EF905796242BA50B0027ACC5 /* Build configuration list for PBXNativeTarget "FeedFrameworkTests" */;
			buildPhases = (
				EF905784242BA50B0027ACC5 /* Sources */,
				EF905785242BA50B0027ACC5 /* Frameworks */,
				EF905786242BA50B0027ACC5 /* Resources */,
			);
			buildRules = (
			);
			dependencies = (
				EF90578B242BA50B0027ACC5 /* PBXTargetDependency */,
			);
			name = FeedFrameworkTests;
			productName = FeedFrameworkTests;
			productReference = EF905788242BA50B0027ACC5 /* FeedFrameworkTests.xctest */;
			productType = "com.apple.product-type.bundle.unit-test";
		};
		EFAE75122437C5130041D3B5 /* FeedFrameworkIntegrationTests */ = {
			isa = PBXNativeTarget;
			buildConfigurationList = EFAE751D2437C5130041D3B5 /* Build configuration list for PBXNativeTarget "FeedFrameworkIntegrationTests" */;
			buildPhases = (
				EFAE750F2437C5130041D3B5 /* Sources */,
				EFAE75102437C5130041D3B5 /* Frameworks */,
				EFAE75112437C5130041D3B5 /* Resources */,
			);
			buildRules = (
			);
			dependencies = (
				EFAE751A2437C5130041D3B5 /* PBXTargetDependency */,
			);
			name = FeedFrameworkIntegrationTests;
			productName = FeedFrameworkIntegrationTests;
			productReference = EFAE75132437C5130041D3B5 /* FeedFrameworkIntegrationTests.xctest */;
			productType = "com.apple.product-type.bundle.unit-test";
		};
/* End PBXNativeTarget section */

/* Begin PBXProject section */
		EF905776242BA50B0027ACC5 /* Project object */ = {
			isa = PBXProject;
			attributes = {
				LastSwiftUpdateCheck = 1130;
				LastUpgradeCheck = 1130;
				ORGANIZATIONNAME = AndAdmin;
				TargetAttributes = {
					EF0078CE242F6BA500D5CB37 = {
						CreatedOnToolsVersion = 11.3.1;
					};
					EF90577E242BA50B0027ACC5 = {
						CreatedOnToolsVersion = 11.3.1;
						LastSwiftMigration = 1130;
					};
					EF905787242BA50B0027ACC5 = {
						CreatedOnToolsVersion = 11.3.1;
					};
					EFAE75122437C5130041D3B5 = {
						CreatedOnToolsVersion = 11.3.1;
					};
				};
			};
			buildConfigurationList = EF905779242BA50B0027ACC5 /* Build configuration list for PBXProject "FeedFramework" */;
			compatibilityVersion = "Xcode 9.3";
			developmentRegion = en;
			hasScannedForEncodings = 0;
			knownRegions = (
				en,
				Base,
			);
			mainGroup = EF905775242BA50B0027ACC5;
			productRefGroup = EF905780242BA50B0027ACC5 /* Products */;
			projectDirPath = "";
			projectRoot = "";
			targets = (
				EF90577E242BA50B0027ACC5 /* FeedFramework */,
				EF905787242BA50B0027ACC5 /* FeedFrameworkTests */,
				EF0078CE242F6BA500D5CB37 /* FeedFrameworkAPIEndToEndTests */,
				EFAE75122437C5130041D3B5 /* FeedFrameworkIntegrationTests */,
			);
		};
/* End PBXProject section */

/* Begin PBXResourcesBuildPhase section */
		EF0078CD242F6BA500D5CB37 /* Resources */ = {
			isa = PBXResourcesBuildPhase;
			buildActionMask = 2147483647;
			files = (
			);
			runOnlyForDeploymentPostprocessing = 0;
		};
		EF90577D242BA50B0027ACC5 /* Resources */ = {
			isa = PBXResourcesBuildPhase;
			buildActionMask = 2147483647;
			files = (
			);
			runOnlyForDeploymentPostprocessing = 0;
		};
		EF905786242BA50B0027ACC5 /* Resources */ = {
			isa = PBXResourcesBuildPhase;
			buildActionMask = 2147483647;
			files = (
			);
			runOnlyForDeploymentPostprocessing = 0;
		};
		EFAE75112437C5130041D3B5 /* Resources */ = {
			isa = PBXResourcesBuildPhase;
			buildActionMask = 2147483647;
			files = (
			);
			runOnlyForDeploymentPostprocessing = 0;
		};
/* End PBXResourcesBuildPhase section */

/* Begin PBXSourcesBuildPhase section */
		EF0078CB242F6BA500D5CB37 /* Sources */ = {
			isa = PBXSourcesBuildPhase;
			buildActionMask = 2147483647;
			files = (
				EF0078D2242F6BA500D5CB37 /* FeedFrameworkAPIEndToEndTests.swift in Sources */,
				EF1B80782434C27A00A1FAD4 /* FeedStoreSpy.swift in Sources */,
				EFAE75252437CA6C0041D3B5 /* XCTestCase+TrackMemoryLeaks.swift in Sources */,
			);
			runOnlyForDeploymentPostprocessing = 0;
		};
		EF90577B242BA50B0027ACC5 /* Sources */ = {
			isa = PBXSourcesBuildPhase;
			buildActionMask = 2147483647;
			files = (
				EF9057A4242D21B00027ACC5 /* FeedItemsMapper.swift in Sources */,
				EF90579C242BA6390027ACC5 /* FeedLoader.swift in Sources */,
				EF80135D24377293007A97CF /* CoreDataFeedStore.swift in Sources */,
				EF80134824374D56007A97CF /* CoreDataFeedImage.swift in Sources */,
				EF4F92EF2437E5B800AD73C2 /* FeedModel.xcdatamodeld in Sources */,
				EF90579E242CA6980027ACC5 /* RemoteFeedLoader.swift in Sources */,
				EF9A3D7E2430DEFB00FE0BE8 /* FeedStore.swift in Sources */,
				EFAE75292437CEE00041D3B5 /* CoreDataCache.swift in Sources */,
				EF9A3D802430E35600FE0BE8 /* LocalFeedImage.swift in Sources */,
				EF9A3D7C2430DE9E00FE0BE8 /* LocalFeedLoader.swift in Sources */,
				EF19C0222430E88F003BD826 /* RemoteFeedItem.swift in Sources */,
				EF9057A0242D21320027ACC5 /* HTTPClient.swift in Sources */,
				EFB71FC124365DDA0095B1E3 /* CodableFeedStore.swift in Sources */,
				EF5984AD2435DED600907256 /* CacheFeedPolicy.swift in Sources */,
				EF90579A242BA54E0027ACC5 /* FeedImage.swift in Sources */,
				EF80135B243771F1007A97CF /* Helpers.swift in Sources */,
				EF0078CA242E6EC000D5CB37 /* URLSessionHTTPClient.swift in Sources */,
			);
			runOnlyForDeploymentPostprocessing = 0;
		};
		EF905784242BA50B0027ACC5 /* Sources */ = {
			isa = PBXSourcesBuildPhase;
			buildActionMask = 2147483647;
			files = (
				EF1B807D2435CD2500A1FAD4 /* FeedCacheTestHelpers.swift in Sources */,
				EF0C3B5E243670040063B07B /* XCTestCase+FailableInsertFeedStoreSpecs.swift in Sources */,
				EFDA35A6243728520013755D /* CoreDataFeedStoreTests.swift in Sources */,
				EF90578E242BA50B0027ACC5 /* RemoteFeedLoaderTests.swift in Sources */,
				EF9057AA242E1FD10027ACC5 /* XCTestCase+TrackMemoryLeaks.swift in Sources */,
				EF5984AF24361DA100907256 /* CodableFeedStoreTests.swift in Sources */,
				EF4647D22432894A00CBA9CE /* FeedStoreSpy.swift in Sources */,
				EF0C3B60243670450063B07B /* XCTestCase+FailableRetrieveFeedStoreSpecs.swift in Sources */,
				EF468A51242FEFA100E9B4B9 /* CacheFeedUseCaseTests.swift in Sources */,
				EF0C3B5C24366D270063B07B /* XCTestCase+FailableDeleteFeedStoreSpecs.swift in Sources */,
				EF1B807B2435BC9600A1FAD4 /* ValidateFeedCacheUseCase.swift in Sources */,
				EF0C3B5824366AF00063B07B /* XCTestCase+FeedStoreSpec.swift in Sources */,
				EF9057A7242E091E0027ACC5 /* URLSessionHTTPClient.swift in Sources */,
				EF4647CF2432888700CBA9CE /* LoadFeedFromCacheUseCaseTest.swift in Sources */,
				EF0C3B5A24366C3D0063B07B /* FeedStoreTestSpec.swift in Sources */,
			);
			runOnlyForDeploymentPostprocessing = 0;
		};
		EFAE750F2437C5130041D3B5 /* Sources */ = {
			isa = PBXSourcesBuildPhase;
			buildActionMask = 2147483647;
			files = (
				EFAE751E2437C7910041D3B5 /* XCTestCase+TrackMemoryLeaks.swift in Sources */,
				EFAE751F2437C7BF0041D3B5 /* FeedCacheTestHelpers.swift in Sources */,
				EFAE75162437C5130041D3B5 /* FeedFrameworkIntegrationTests.swift in Sources */,
			);
			runOnlyForDeploymentPostprocessing = 0;
		};
/* End PBXSourcesBuildPhase section */

/* Begin PBXTargetDependency section */
		EF0078D6242F6BA500D5CB37 /* PBXTargetDependency */ = {
			isa = PBXTargetDependency;
			target = EF90577E242BA50B0027ACC5 /* FeedFramework */;
			targetProxy = EF0078D5242F6BA500D5CB37 /* PBXContainerItemProxy */;
		};
		EF90578B242BA50B0027ACC5 /* PBXTargetDependency */ = {
			isa = PBXTargetDependency;
			target = EF90577E242BA50B0027ACC5 /* FeedFramework */;
			targetProxy = EF90578A242BA50B0027ACC5 /* PBXContainerItemProxy */;
		};
		EFAE751A2437C5130041D3B5 /* PBXTargetDependency */ = {
			isa = PBXTargetDependency;
			target = EF90577E242BA50B0027ACC5 /* FeedFramework */;
			targetProxy = EFAE75192437C5130041D3B5 /* PBXContainerItemProxy */;
		};
/* End PBXTargetDependency section */

/* Begin XCBuildConfiguration section */
		EF0078D8242F6BA500D5CB37 /* Debug */ = {
			isa = XCBuildConfiguration;
			buildSettings = {
				CODE_SIGN_STYLE = Automatic;
				COMBINE_HIDPI_IMAGES = YES;
				DEVELOPMENT_TEAM = DX34ZZXSN8;
				INFOPLIST_FILE = FeedFrameworkAPIEndToEndTests/Info.plist;
				LD_RUNPATH_SEARCH_PATHS = (
					"$(inherited)",
					"@executable_path/../Frameworks",
					"@loader_path/../Frameworks",
				);
				PRODUCT_BUNDLE_IDENTIFIER = com.brightSky.FeedFrameworkAPIEndToEndTests;
				PRODUCT_NAME = "$(TARGET_NAME)";
				SWIFT_VERSION = 5.0;
			};
			name = Debug;
		};
		EF0078D9242F6BA500D5CB37 /* Release */ = {
			isa = XCBuildConfiguration;
			buildSettings = {
				CODE_SIGN_STYLE = Automatic;
				COMBINE_HIDPI_IMAGES = YES;
				DEVELOPMENT_TEAM = DX34ZZXSN8;
				INFOPLIST_FILE = FeedFrameworkAPIEndToEndTests/Info.plist;
				LD_RUNPATH_SEARCH_PATHS = (
					"$(inherited)",
					"@executable_path/../Frameworks",
					"@loader_path/../Frameworks",
				);
				PRODUCT_BUNDLE_IDENTIFIER = com.brightSky.FeedFrameworkAPIEndToEndTests;
				PRODUCT_NAME = "$(TARGET_NAME)";
				SWIFT_VERSION = 5.0;
			};
			name = Release;
		};
		EF905791242BA50B0027ACC5 /* Debug */ = {
			isa = XCBuildConfiguration;
			buildSettings = {
				ALWAYS_SEARCH_USER_PATHS = NO;
				CLANG_ANALYZER_NONNULL = YES;
				CLANG_ANALYZER_NUMBER_OBJECT_CONVERSION = YES_AGGRESSIVE;
				CLANG_CXX_LANGUAGE_STANDARD = "gnu++14";
				CLANG_CXX_LIBRARY = "libc++";
				CLANG_ENABLE_MODULES = YES;
				CLANG_ENABLE_OBJC_ARC = YES;
				CLANG_ENABLE_OBJC_WEAK = YES;
				CLANG_WARN_BLOCK_CAPTURE_AUTORELEASING = YES;
				CLANG_WARN_BOOL_CONVERSION = YES;
				CLANG_WARN_COMMA = YES;
				CLANG_WARN_CONSTANT_CONVERSION = YES;
				CLANG_WARN_DEPRECATED_OBJC_IMPLEMENTATIONS = YES;
				CLANG_WARN_DIRECT_OBJC_ISA_USAGE = YES_ERROR;
				CLANG_WARN_DOCUMENTATION_COMMENTS = YES;
				CLANG_WARN_EMPTY_BODY = YES;
				CLANG_WARN_ENUM_CONVERSION = YES;
				CLANG_WARN_INFINITE_RECURSION = YES;
				CLANG_WARN_INT_CONVERSION = YES;
				CLANG_WARN_NON_LITERAL_NULL_CONVERSION = YES;
				CLANG_WARN_OBJC_IMPLICIT_RETAIN_SELF = YES;
				CLANG_WARN_OBJC_LITERAL_CONVERSION = YES;
				CLANG_WARN_OBJC_ROOT_CLASS = YES_ERROR;
				CLANG_WARN_RANGE_LOOP_ANALYSIS = YES;
				CLANG_WARN_STRICT_PROTOTYPES = YES;
				CLANG_WARN_SUSPICIOUS_MOVE = YES;
				CLANG_WARN_UNGUARDED_AVAILABILITY = YES_AGGRESSIVE;
				CLANG_WARN_UNREACHABLE_CODE = YES;
				CLANG_WARN__DUPLICATE_METHOD_MATCH = YES;
				COPY_PHASE_STRIP = NO;
				CURRENT_PROJECT_VERSION = 1;
				DEBUG_INFORMATION_FORMAT = dwarf;
				ENABLE_STRICT_OBJC_MSGSEND = YES;
				ENABLE_TESTABILITY = YES;
				GCC_C_LANGUAGE_STANDARD = gnu11;
				GCC_DYNAMIC_NO_PIC = NO;
				GCC_NO_COMMON_BLOCKS = YES;
				GCC_OPTIMIZATION_LEVEL = 0;
				GCC_PREPROCESSOR_DEFINITIONS = (
					"DEBUG=1",
					"$(inherited)",
				);
				GCC_WARN_64_TO_32_BIT_CONVERSION = YES;
				GCC_WARN_ABOUT_RETURN_TYPE = YES_ERROR;
				GCC_WARN_UNDECLARED_SELECTOR = YES;
				GCC_WARN_UNINITIALIZED_AUTOS = YES_AGGRESSIVE;
				GCC_WARN_UNUSED_FUNCTION = YES;
				GCC_WARN_UNUSED_VARIABLE = YES;
				MACOSX_DEPLOYMENT_TARGET = 10.15;
				MTL_ENABLE_DEBUG_INFO = INCLUDE_SOURCE;
				MTL_FAST_MATH = YES;
				ONLY_ACTIVE_ARCH = YES;
				SDKROOT = macosx;
				SWIFT_ACTIVE_COMPILATION_CONDITIONS = DEBUG;
				SWIFT_OPTIMIZATION_LEVEL = "-Onone";
				VERSIONING_SYSTEM = "apple-generic";
				VERSION_INFO_PREFIX = "";
			};
			name = Debug;
		};
		EF905792242BA50B0027ACC5 /* Release */ = {
			isa = XCBuildConfiguration;
			buildSettings = {
				ALWAYS_SEARCH_USER_PATHS = NO;
				CLANG_ANALYZER_NONNULL = YES;
				CLANG_ANALYZER_NUMBER_OBJECT_CONVERSION = YES_AGGRESSIVE;
				CLANG_CXX_LANGUAGE_STANDARD = "gnu++14";
				CLANG_CXX_LIBRARY = "libc++";
				CLANG_ENABLE_MODULES = YES;
				CLANG_ENABLE_OBJC_ARC = YES;
				CLANG_ENABLE_OBJC_WEAK = YES;
				CLANG_WARN_BLOCK_CAPTURE_AUTORELEASING = YES;
				CLANG_WARN_BOOL_CONVERSION = YES;
				CLANG_WARN_COMMA = YES;
				CLANG_WARN_CONSTANT_CONVERSION = YES;
				CLANG_WARN_DEPRECATED_OBJC_IMPLEMENTATIONS = YES;
				CLANG_WARN_DIRECT_OBJC_ISA_USAGE = YES_ERROR;
				CLANG_WARN_DOCUMENTATION_COMMENTS = YES;
				CLANG_WARN_EMPTY_BODY = YES;
				CLANG_WARN_ENUM_CONVERSION = YES;
				CLANG_WARN_INFINITE_RECURSION = YES;
				CLANG_WARN_INT_CONVERSION = YES;
				CLANG_WARN_NON_LITERAL_NULL_CONVERSION = YES;
				CLANG_WARN_OBJC_IMPLICIT_RETAIN_SELF = YES;
				CLANG_WARN_OBJC_LITERAL_CONVERSION = YES;
				CLANG_WARN_OBJC_ROOT_CLASS = YES_ERROR;
				CLANG_WARN_RANGE_LOOP_ANALYSIS = YES;
				CLANG_WARN_STRICT_PROTOTYPES = YES;
				CLANG_WARN_SUSPICIOUS_MOVE = YES;
				CLANG_WARN_UNGUARDED_AVAILABILITY = YES_AGGRESSIVE;
				CLANG_WARN_UNREACHABLE_CODE = YES;
				CLANG_WARN__DUPLICATE_METHOD_MATCH = YES;
				COPY_PHASE_STRIP = NO;
				CURRENT_PROJECT_VERSION = 1;
				DEBUG_INFORMATION_FORMAT = "dwarf-with-dsym";
				ENABLE_NS_ASSERTIONS = NO;
				ENABLE_STRICT_OBJC_MSGSEND = YES;
				GCC_C_LANGUAGE_STANDARD = gnu11;
				GCC_NO_COMMON_BLOCKS = YES;
				GCC_WARN_64_TO_32_BIT_CONVERSION = YES;
				GCC_WARN_ABOUT_RETURN_TYPE = YES_ERROR;
				GCC_WARN_UNDECLARED_SELECTOR = YES;
				GCC_WARN_UNINITIALIZED_AUTOS = YES_AGGRESSIVE;
				GCC_WARN_UNUSED_FUNCTION = YES;
				GCC_WARN_UNUSED_VARIABLE = YES;
				MACOSX_DEPLOYMENT_TARGET = 10.15;
				MTL_ENABLE_DEBUG_INFO = NO;
				MTL_FAST_MATH = YES;
				SDKROOT = macosx;
				SWIFT_COMPILATION_MODE = wholemodule;
				SWIFT_OPTIMIZATION_LEVEL = "-O";
				VERSIONING_SYSTEM = "apple-generic";
				VERSION_INFO_PREFIX = "";
			};
			name = Release;
		};
		EF905794242BA50B0027ACC5 /* Debug */ = {
			isa = XCBuildConfiguration;
			buildSettings = {
				CLANG_ENABLE_MODULES = YES;
				CODE_SIGN_STYLE = Automatic;
				COMBINE_HIDPI_IMAGES = YES;
				DEFINES_MODULE = YES;
				DEVELOPMENT_TEAM = DX34ZZXSN8;
				DYLIB_COMPATIBILITY_VERSION = 1;
				DYLIB_CURRENT_VERSION = 1;
				DYLIB_INSTALL_NAME_BASE = "@rpath";
				INFOPLIST_FILE = FeedFramework/Info.plist;
				INSTALL_PATH = "$(LOCAL_LIBRARY_DIR)/Frameworks";
				LD_RUNPATH_SEARCH_PATHS = (
					"$(inherited)",
					"@executable_path/../Frameworks",
					"@loader_path/Frameworks",
				);
				PRODUCT_BUNDLE_IDENTIFIER = com.brightSky.FeedFramework;
				PRODUCT_NAME = "$(TARGET_NAME:c99extidentifier)";
				SKIP_INSTALL = YES;
				SWIFT_OPTIMIZATION_LEVEL = "-Onone";
				SWIFT_VERSION = 5.0;
			};
			name = Debug;
		};
		EF905795242BA50B0027ACC5 /* Release */ = {
			isa = XCBuildConfiguration;
			buildSettings = {
				CLANG_ENABLE_MODULES = YES;
				CODE_SIGN_STYLE = Automatic;
				COMBINE_HIDPI_IMAGES = YES;
				DEFINES_MODULE = YES;
				DEVELOPMENT_TEAM = DX34ZZXSN8;
				DYLIB_COMPATIBILITY_VERSION = 1;
				DYLIB_CURRENT_VERSION = 1;
				DYLIB_INSTALL_NAME_BASE = "@rpath";
				INFOPLIST_FILE = FeedFramework/Info.plist;
				INSTALL_PATH = "$(LOCAL_LIBRARY_DIR)/Frameworks";
				LD_RUNPATH_SEARCH_PATHS = (
					"$(inherited)",
					"@executable_path/../Frameworks",
					"@loader_path/Frameworks",
				);
				PRODUCT_BUNDLE_IDENTIFIER = com.brightSky.FeedFramework;
				PRODUCT_NAME = "$(TARGET_NAME:c99extidentifier)";
				SKIP_INSTALL = YES;
				SWIFT_VERSION = 5.0;
			};
			name = Release;
		};
		EF905797242BA50B0027ACC5 /* Debug */ = {
			isa = XCBuildConfiguration;
			buildSettings = {
				ALWAYS_EMBED_SWIFT_STANDARD_LIBRARIES = YES;
				CODE_SIGN_STYLE = Automatic;
				COMBINE_HIDPI_IMAGES = YES;
				DEVELOPMENT_TEAM = DX34ZZXSN8;
				INFOPLIST_FILE = FeedFrameworkTests/Info.plist;
				LD_RUNPATH_SEARCH_PATHS = (
					"$(inherited)",
					"@executable_path/../Frameworks",
					"@loader_path/../Frameworks",
				);
				PRODUCT_BUNDLE_IDENTIFIER = com.brightSky.FeedFrameworkTests;
				PRODUCT_NAME = "$(TARGET_NAME)";
				SWIFT_VERSION = 5.0;
			};
			name = Debug;
		};
		EF905798242BA50B0027ACC5 /* Release */ = {
			isa = XCBuildConfiguration;
			buildSettings = {
				ALWAYS_EMBED_SWIFT_STANDARD_LIBRARIES = YES;
				CODE_SIGN_STYLE = Automatic;
				COMBINE_HIDPI_IMAGES = YES;
				DEVELOPMENT_TEAM = DX34ZZXSN8;
				INFOPLIST_FILE = FeedFrameworkTests/Info.plist;
				LD_RUNPATH_SEARCH_PATHS = (
					"$(inherited)",
					"@executable_path/../Frameworks",
					"@loader_path/../Frameworks",
				);
				PRODUCT_BUNDLE_IDENTIFIER = com.brightSky.FeedFrameworkTests;
				PRODUCT_NAME = "$(TARGET_NAME)";
				SWIFT_VERSION = 5.0;
			};
			name = Release;
		};
		EFAE751B2437C5130041D3B5 /* Debug */ = {
			isa = XCBuildConfiguration;
			buildSettings = {
				CODE_SIGN_STYLE = Automatic;
				COMBINE_HIDPI_IMAGES = YES;
				DEVELOPMENT_TEAM = DX34ZZXSN8;
				INFOPLIST_FILE = FeedFrameworkIntegrationTests/Info.plist;
				LD_RUNPATH_SEARCH_PATHS = (
					"$(inherited)",
					"@executable_path/../Frameworks",
					"@loader_path/../Frameworks",
				);
				PRODUCT_BUNDLE_IDENTIFIER = com.brightSky.FeedFrameworkIntegrationTests;
				PRODUCT_NAME = "$(TARGET_NAME)";
				SWIFT_VERSION = 5.0;
			};
			name = Debug;
		};
		EFAE751C2437C5130041D3B5 /* Release */ = {
			isa = XCBuildConfiguration;
			buildSettings = {
				CODE_SIGN_STYLE = Automatic;
				COMBINE_HIDPI_IMAGES = YES;
				DEVELOPMENT_TEAM = DX34ZZXSN8;
				INFOPLIST_FILE = FeedFrameworkIntegrationTests/Info.plist;
				LD_RUNPATH_SEARCH_PATHS = (
					"$(inherited)",
					"@executable_path/../Frameworks",
					"@loader_path/../Frameworks",
				);
				PRODUCT_BUNDLE_IDENTIFIER = com.brightSky.FeedFrameworkIntegrationTests;
				PRODUCT_NAME = "$(TARGET_NAME)";
				SWIFT_VERSION = 5.0;
			};
			name = Release;
		};
/* End XCBuildConfiguration section */

/* Begin XCConfigurationList section */
		EF0078D7242F6BA500D5CB37 /* Build configuration list for PBXNativeTarget "FeedFrameworkAPIEndToEndTests" */ = {
			isa = XCConfigurationList;
			buildConfigurations = (
				EF0078D8242F6BA500D5CB37 /* Debug */,
				EF0078D9242F6BA500D5CB37 /* Release */,
			);
			defaultConfigurationIsVisible = 0;
			defaultConfigurationName = Release;
		};
		EF905779242BA50B0027ACC5 /* Build configuration list for PBXProject "FeedFramework" */ = {
			isa = XCConfigurationList;
			buildConfigurations = (
				EF905791242BA50B0027ACC5 /* Debug */,
				EF905792242BA50B0027ACC5 /* Release */,
			);
			defaultConfigurationIsVisible = 0;
			defaultConfigurationName = Release;
		};
		EF905793242BA50B0027ACC5 /* Build configuration list for PBXNativeTarget "FeedFramework" */ = {
			isa = XCConfigurationList;
			buildConfigurations = (
				EF905794242BA50B0027ACC5 /* Debug */,
				EF905795242BA50B0027ACC5 /* Release */,
			);
			defaultConfigurationIsVisible = 0;
			defaultConfigurationName = Release;
		};
		EF905796242BA50B0027ACC5 /* Build configuration list for PBXNativeTarget "FeedFrameworkTests" */ = {
			isa = XCConfigurationList;
			buildConfigurations = (
				EF905797242BA50B0027ACC5 /* Debug */,
				EF905798242BA50B0027ACC5 /* Release */,
			);
			defaultConfigurationIsVisible = 0;
			defaultConfigurationName = Release;
		};
		EFAE751D2437C5130041D3B5 /* Build configuration list for PBXNativeTarget "FeedFrameworkIntegrationTests" */ = {
			isa = XCConfigurationList;
			buildConfigurations = (
				EFAE751B2437C5130041D3B5 /* Debug */,
				EFAE751C2437C5130041D3B5 /* Release */,
			);
			defaultConfigurationIsVisible = 0;
			defaultConfigurationName = Release;
		};
/* End XCConfigurationList section */

/* Begin XCVersionGroup section */
		EF4F92ED2437E5B800AD73C2 /* FeedModel.xcdatamodeld */ = {
			isa = XCVersionGroup;
			children = (
				EF4F92EE2437E5B800AD73C2 /* FeedModel.xcdatamodel */,
			);
			currentVersion = EF4F92EE2437E5B800AD73C2 /* FeedModel.xcdatamodel */;
			path = FeedModel.xcdatamodeld;
			sourceTree = "<group>";
			versionGroupType = wrapper.xcdatamodel;
		};
/* End XCVersionGroup section */
	};
	rootObject = EF905776242BA50B0027ACC5 /* Project object */;
}
